
Microsoft Visual Studio Solution File, Format Version 12.00
# Visual Studio Version 17
VisualStudioVersion = 17.12.35514.174 d17.12
MinimumVisualStudioVersion = 10.0.40219.1
Project("{FAE04EC0-301F-11D3-BF4B-00C04F79EFBC}") = "EcommerceApp.Domain", "EcommerceApp.Domain\EcommerceApp.Domain.csproj", "{1500C691-3599-4706-A44B-07C41E92E916}"
EndProject
Project("{FAE04EC0-301F-11D3-BF4B-00C04F79EFBC}") = "EcommerceApp.Infrastructure", "EcommerceApp.Infrastructure\EcommerceApp.Infrastructure.csproj", "{F2214434-6EFF-4AC2-9F64-0B915D941FF3}"
EndProject
Project("{FAE04EC0-301F-11D3-BF4B-00C04F79EFBC}") = "EcommerceApp.Application", "EcommerceApp.Application\EcommerceApp.Application.csproj", "{360FDA99-C2D0-46EC-9AED-7E940BAEA929}"
EndProject
Project("{FAE04EC0-301F-11D3-BF4B-00C04F79EFBC}") = "EcommerceApp.Presentation", "EcommerceApp.Host\EcommerceApp.Presentation.csproj", "{6593741B-53AD-4433-BE06-11B1B842E670}"
EndProject
Global
	GlobalSection(SolutionConfigurationPlatforms) = preSolution
		Debug|Any CPU = Debug|Any CPU
		Release|Any CPU = Release|Any CPU
	EndGlobalSection
	GlobalSection(ProjectConfigurationPlatforms) = postSolution
		{1500C691-3599-4706-A44B-07C41E92E916}.Debug|Any CPU.ActiveCfg = Debug|Any CPU
		{1500C691-3599-4706-A44B-07C41E92E916}.Debug|Any CPU.Build.0 = Debug|Any CPU
		{1500C691-3599-4706-A44B-07C41E92E916}.Release|Any CPU.ActiveCfg = Release|Any CPU
		{1500C691-3599-4706-A44B-07C41E92E916}.Release|Any CPU.Build.0 = Release|Any CPU
		{F2214434-6EFF-4AC2-9F64-0B915D941FF3}.Debug|Any CPU.ActiveCfg = Debug|Any CPU
		{F2214434-6EFF-4AC2-9F64-0B915D941FF3}.Debug|Any CPU.Build.0 = Debug|Any CPU
		{F2214434-6EFF-4AC2-9F64-0B915D941FF3}.Release|Any CPU.ActiveCfg = Release|Any CPU
		{F2214434-6EFF-4AC2-9F64-0B915D941FF3}.Release|Any CPU.Build.0 = Release|Any CPU
		{360FDA99-C2D0-46EC-9AED-7E940BAEA929}.Debug|Any CPU.ActiveCfg = Debug|Any CPU
		{360FDA99-C2D0-46EC-9AED-7E940BAEA929}.Debug|Any CPU.Build.0 = Debug|Any CPU
		{360FDA99-C2D0-46EC-9AED-7E940BAEA929}.Release|Any CPU.ActiveCfg = Release|Any CPU
		{360FDA99-C2D0-46EC-9AED-7E940BAEA929}.Release|Any CPU.Build.0 = Release|Any CPU
		{6593741B-53AD-4433-BE06-11B1B842E670}.Debug|Any CPU.ActiveCfg = Debug|Any CPU
		{6593741B-53AD-4433-BE06-11B1B842E670}.Debug|Any CPU.Build.0 = Debug|Any CPU
		{6593741B-53AD-4433-BE06-11B1B842E670}.Release|Any CPU.ActiveCfg = Release|Any CPU
		{6593741B-53AD-4433-BE06-11B1B842E670}.Release|Any CPU.Build.0 = Release|Any CPU
	EndGlobalSection
	GlobalSection(SolutionProperties) = preSolution
		HideSolutionNode = FALSE
	EndGlobalSection
EndGlobal
